
Microsoft Visual Studio Solution File, Format Version 12.00
# Visual Studio Version 17
VisualStudioVersion = 17.5.002.0
MinimumVisualStudioVersion = 10.0.40219.1
Project("{9A19103F-16F7-4668-BE54-9A1E7A4F7556}") = "Calculator", "Calculator.csproj", "{1842D625-084B-4D6C-A14D-EF6B3F857CD3}"
EndProject
Global
	GlobalSection(SolutionConfigurationPlatforms) = preSolution
		Debug|Any CPU = Debug|Any CPU
		Release|Any CPU = Release|Any CPU
	EndGlobalSection
	GlobalSection(ProjectConfigurationPlatforms) = postSolution
		{1842D625-084B-4D6C-A14D-EF6B3F857CD3}.Debug|Any CPU.ActiveCfg = Debug|Any CPU
		{1842D625-084B-4D6C-A14D-EF6B3F857CD3}.Debug|Any CPU.Build.0 = Debug|Any CPU
		{1842D625-084B-4D6C-A14D-EF6B3F857CD3}.Release|Any CPU.ActiveCfg = Release|Any CPU
		{1842D625-084B-4D6C-A14D-EF6B3F857CD3}.Release|Any CPU.Build.0 = Release|Any CPU
	EndGlobalSection
	GlobalSection(SolutionProperties) = preSolution
		HideSolutionNode = FALSE
	EndGlobalSection
	GlobalSection(ExtensibilityGlobals) = postSolution
		SolutionGuid = {EE143EB2-79D1-448D-BB0A-EF5FD36506EA}
	EndGlobalSection
EndGlobal
